<?xml version="1.0" encoding="utf-8"?>
<Project ToolsVersion="4.0" xmlns="http://schemas.microsoft.com/developer/msbuild/2003">
  <ItemGroup>
    <Filter Include="Quelldateien">
      <UniqueIdentifier>{4FC737F1-C7A5-4376-A066-2A32D752A2FF}</UniqueIdentifier>
      <Extensions>cpp;c;cc;cxx;def;odl;idl;hpj;bat;asm;asmx</Extensions>
    </Filter>
    <Filter Include="Headerdateien">
      <UniqueIdentifier>{93995380-89BD-4b04-88EB-625FBE52EBFB}</UniqueIdentifier>
      <Extensions>h;hh;hpp;hxx;hm;inl;inc;xsd</Extensions>
    </Filter>
    <Filter Include="Ressourcendateien">
      <UniqueIdentifier>{67DA6AB6-F800-4c08-8B7A-83BB121AAD01}</UniqueIdentifier>
      <Extensions>rc;ico;cur;bmp;dlg;rc2;rct;bin;rgs;gif;jpg;jpeg;jpe;resx;tiff;tif;png;wav;mfcribbon-ms</Extensions>
    </Filter>
  </ItemGroup>
  <ItemGroup>
    <ClCompile Include="src\MineTest.cpp">
      <Filter>Quelldateien</Filter>
    </ClCompile>
    <ClCompile Include="src\util\Timer.cpp">
      <Filter>Quelldateien</Filter>
    </ClCompile>
    <ClCompile Include="main.cpp">
      <Filter>Quelldateien</Filter>
    </ClCompile>
    <ClCompile Include="src\Defines.cpp">
      <Filter>Quelldateien</Filter>
    </ClCompile>
    <ClCompile Include="src\game\world\World.cpp">
      <Filter>Quelldateien</Filter>
    </ClCompile>
    <ClCompile Include="src\game\world\Chunk.cpp">
      <Filter>Quelldateien</Filter>
    </ClCompile>
    <ClCompile Include="src\render\api\Texture2D.cpp">
      <Filter>Quelldateien</Filter>
    </ClCompile>
    <ClCompile Include="src\render\api\Texture2DArray.cpp">
      <Filter>Quelldateien</Filter>
    </ClCompile>
    <ClCompile Include="src\render\api\Shader.cpp">
      <Filter>Quelldateien</Filter>
    </ClCompile>
    <ClCompile Include="src\util\Input.cpp">
      <Filter>Quelldateien</Filter>
    </ClCompile>
    <ClCompile Include="src\render\api\Camera.cpp">
      <Filter>Quelldateien</Filter>
    </ClCompile>
    <ClCompile Include="src\game\player\Player.cpp">
      <Filter>Quelldateien</Filter>
    </ClCompile>
    <ClCompile Include="src\render\BlockRenderer.cpp">
      <Filter>Quelldateien</Filter>
    </ClCompile>
    <ClCompile Include="src\game\registry\GameRegistry.cpp">
      <Filter>Quelldateien</Filter>
    </ClCompile>
    <ClCompile Include="src\util\FastNoise.cpp">
      <Filter>Quelldateien</Filter>
    </ClCompile>
    <ClCompile Include="src\render\Renderer2D.cpp">
      <Filter>Quelldateien</Filter>
    </ClCompile>
  </ItemGroup>
  <ItemGroup>
    <ClInclude Include="src\MineTest.h">
      <Filter>Headerdateien</Filter>
    </ClInclude>
    <ClInclude Include="src\Defines.h">
      <Filter>Headerdateien</Filter>
    </ClInclude>
    <ClInclude Include="src\util\Timer.h">
      <Filter>Headerdateien</Filter>
    </ClInclude>
    <ClInclude Include="src\game\world\World.h">
      <Filter>Headerdateien</Filter>
    </ClInclude>
    <ClInclude Include="src\game\world\Chunk.h">
      <Filter>Headerdateien</Filter>
    </ClInclude>
    <ClInclude Include="src\render\api\Texture2D.h">
      <Filter>Headerdateien</Filter>
    </ClInclude>
    <ClInclude Include="src\render\api\TextureProperties.h">
      <Filter>Headerdateien</Filter>
    </ClInclude>
    <ClInclude Include="src\render\api\Texture2DArray.h">
      <Filter>Headerdateien</Filter>
    </ClInclude>
    <ClInclude Include="src\render\api\Shader.h">
      <Filter>Headerdateien</Filter>
    </ClInclude>
    <ClInclude Include="src\render\BlockRenderer.h">
      <Filter>Headerdateien</Filter>
    </ClInclude>
    <ClInclude Include="src\game\player\Player.h">
      <Filter>Headerdateien</Filter>
    </ClInclude>
    <ClInclude Include="src\util\Input.h">
      <Filter>Headerdateien</Filter>
    </ClInclude>
    <ClInclude Include="src\render\api\Camera.h">
      <Filter>Headerdateien</Filter>
    </ClInclude>
    <ClInclude Include="src\game\registry\GameRegistry.h">
      <Filter>Headerdateien</Filter>
    </ClInclude>
    <ClInclude Include="src\util\FastNoise.h">
      <Filter>Headerdateien</Filter>
    </ClInclude>
    <ClInclude Include="src\render\Renderer2D.h">
      <Filter>Headerdateien</Filter>
    </ClInclude>
  </ItemGroup>
  <ItemGroup>
    <Text Include="todo.txt" />
  </ItemGroup>
  <ItemGroup>
    <None Include="res\shader\Renderer2D.vert" />
    <None Include="res\shader\Renderer2D.frag" />
  </ItemGroup>
</Project>